
Microsoft Visual Studio Solution File, Format Version 12.00
# Visual Studio Version 16
VisualStudioVersion = 25.0.1706.1
MinimumVisualStudioVersion = 10.0.40219.1
Project("{FAE04EC0-301F-11D3-BF4B-00C04F79EFBC}") = "VAndDCargoes.Web", "VAndDCargoes.Web\VAndDCargoes.Web.csproj", "{A8783066-6DF7-42ED-9081-4BEB175067A7}"
EndProject
Project("{FAE04EC0-301F-11D3-BF4B-00C04F79EFBC}") = "VAndDCargoes.Data", "VAndDCargoes.Data\VAndDCargoes.Data.csproj", "{A0AD196A-5206-4AA2-93B9-32AF63901F08}"
EndProject
Project("{FAE04EC0-301F-11D3-BF4B-00C04F79EFBC}") = "VAndDCargoes.Data.Models", "VAndDCargoes.Data.Models\VAndDCargoes.Data.Models.csproj", "{0A722EEA-D574-45B4-A65F-9969ECACBB53}"
EndProject
Project("{FAE04EC0-301F-11D3-BF4B-00C04F79EFBC}") = "VAndDCargoes.Common", "VAndDCargoes.Common\VAndDCargoes.Common.csproj", "{1C60677F-5A37-4161-813F-D0090329090C}"
EndProject
Project("{FAE04EC0-301F-11D3-BF4B-00C04F79EFBC}") = "VAndDCargoes.Web.ViewModels", "VAndDCargoes.Web.Models\VAndDCargoes.Web.ViewModels.csproj", "{DB13F8BE-4310-4750-893D-23D3B1D61CFE}"
EndProject
Project("{FAE04EC0-301F-11D3-BF4B-00C04F79EFBC}") = "VAndDCargoes.Services", "VAndDCargoes.Services\VAndDCargoes.Services.csproj", "{3094EBFF-B280-431C-A648-9F83DA5252BE}"
EndProject
Project("{FAE04EC0-301F-11D3-BF4B-00C04F79EFBC}") = "VAndDCargoes.Web.Infrastructure", "VAndDCargoes.Web.Infrastructure\VAndDCargoes.Web.Infrastructure.csproj", "{CC9DED74-7F70-4BC9-B35A-52A7B96F0AE4}"
EndProject
Project("{FAE04EC0-301F-11D3-BF4B-00C04F79EFBC}") = "VAndDCargoes.Services.Tests", "VAndDCargoes.Services.Tests\VAndDCargoes.Services.Tests.csproj", "{EB4D34EB-A763-44A3-B479-5B35C3C1C437}"
EndProject
Project("{FAE04EC0-301F-11D3-BF4B-00C04F79EFBC}") = "VAndDCargoes.Services.Models", "VAndDCargoes.Services.Models\VAndDCargoes.Services.Models.csproj", "{A394D96F-D839-4C8A-8559-A02902A8D43F}"
EndProject
Global
	GlobalSection(SolutionConfigurationPlatforms) = preSolution
		Debug|Any CPU = Debug|Any CPU
		Release|Any CPU = Release|Any CPU
	EndGlobalSection
	GlobalSection(ProjectConfigurationPlatforms) = postSolution
		{A8783066-6DF7-42ED-9081-4BEB175067A7}.Debug|Any CPU.ActiveCfg = Debug|Any CPU
		{A8783066-6DF7-42ED-9081-4BEB175067A7}.Debug|Any CPU.Build.0 = Debug|Any CPU
		{A8783066-6DF7-42ED-9081-4BEB175067A7}.Release|Any CPU.ActiveCfg = Release|Any CPU
		{A8783066-6DF7-42ED-9081-4BEB175067A7}.Release|Any CPU.Build.0 = Release|Any CPU
		{A0AD196A-5206-4AA2-93B9-32AF63901F08}.Debug|Any CPU.ActiveCfg = Debug|Any CPU
		{A0AD196A-5206-4AA2-93B9-32AF63901F08}.Debug|Any CPU.Build.0 = Debug|Any CPU
		{A0AD196A-5206-4AA2-93B9-32AF63901F08}.Release|Any CPU.ActiveCfg = Release|Any CPU
		{A0AD196A-5206-4AA2-93B9-32AF63901F08}.Release|Any CPU.Build.0 = Release|Any CPU
		{0A722EEA-D574-45B4-A65F-9969ECACBB53}.Debug|Any CPU.ActiveCfg = Debug|Any CPU
		{0A722EEA-D574-45B4-A65F-9969ECACBB53}.Debug|Any CPU.Build.0 = Debug|Any CPU
		{0A722EEA-D574-45B4-A65F-9969ECACBB53}.Release|Any CPU.ActiveCfg = Release|Any CPU
		{0A722EEA-D574-45B4-A65F-9969ECACBB53}.Release|Any CPU.Build.0 = Release|Any CPU
		{1C60677F-5A37-4161-813F-D0090329090C}.Debug|Any CPU.ActiveCfg = Debug|Any CPU
		{1C60677F-5A37-4161-813F-D0090329090C}.Debug|Any CPU.Build.0 = Debug|Any CPU
		{1C60677F-5A37-4161-813F-D0090329090C}.Release|Any CPU.ActiveCfg = Release|Any CPU
		{1C60677F-5A37-4161-813F-D0090329090C}.Release|Any CPU.Build.0 = Release|Any CPU
		{DB13F8BE-4310-4750-893D-23D3B1D61CFE}.Debug|Any CPU.ActiveCfg = Debug|Any CPU
		{DB13F8BE-4310-4750-893D-23D3B1D61CFE}.Debug|Any CPU.Build.0 = Debug|Any CPU
		{DB13F8BE-4310-4750-893D-23D3B1D61CFE}.Release|Any CPU.ActiveCfg = Release|Any CPU
		{DB13F8BE-4310-4750-893D-23D3B1D61CFE}.Release|Any CPU.Build.0 = Release|Any CPU
		{3094EBFF-B280-431C-A648-9F83DA5252BE}.Debug|Any CPU.ActiveCfg = Debug|Any CPU
		{3094EBFF-B280-431C-A648-9F83DA5252BE}.Debug|Any CPU.Build.0 = Debug|Any CPU
		{3094EBFF-B280-431C-A648-9F83DA5252BE}.Release|Any CPU.ActiveCfg = Release|Any CPU
		{3094EBFF-B280-431C-A648-9F83DA5252BE}.Release|Any CPU.Build.0 = Release|Any CPU
		{CC9DED74-7F70-4BC9-B35A-52A7B96F0AE4}.Debug|Any CPU.ActiveCfg = Debug|Any CPU
		{CC9DED74-7F70-4BC9-B35A-52A7B96F0AE4}.Debug|Any CPU.Build.0 = Debug|Any CPU
		{CC9DED74-7F70-4BC9-B35A-52A7B96F0AE4}.Release|Any CPU.ActiveCfg = Release|Any CPU
		{CC9DED74-7F70-4BC9-B35A-52A7B96F0AE4}.Release|Any CPU.Build.0 = Release|Any CPU
		{EB4D34EB-A763-44A3-B479-5B35C3C1C437}.Debug|Any CPU.ActiveCfg = Debug|Any CPU
		{EB4D34EB-A763-44A3-B479-5B35C3C1C437}.Debug|Any CPU.Build.0 = Debug|Any CPU
		{EB4D34EB-A763-44A3-B479-5B35C3C1C437}.Release|Any CPU.ActiveCfg = Release|Any CPU
		{EB4D34EB-A763-44A3-B479-5B35C3C1C437}.Release|Any CPU.Build.0 = Release|Any CPU
		{A394D96F-D839-4C8A-8559-A02902A8D43F}.Debug|Any CPU.ActiveCfg = Debug|Any CPU
		{A394D96F-D839-4C8A-8559-A02902A8D43F}.Debug|Any CPU.Build.0 = Debug|Any CPU
		{A394D96F-D839-4C8A-8559-A02902A8D43F}.Release|Any CPU.ActiveCfg = Release|Any CPU
		{A394D96F-D839-4C8A-8559-A02902A8D43F}.Release|Any CPU.Build.0 = Release|Any CPU
	EndGlobalSection
	GlobalSection(SolutionProperties) = preSolution
		HideSolutionNode = FALSE
	EndGlobalSection
	GlobalSection(ExtensibilityGlobals) = postSolution
		SolutionGuid = {817A0C96-71DA-45AB-B3F7-928ECB580C2C}
	EndGlobalSection
EndGlobal
